{
  "name": "babylon-native-playground",
  "version": "0.1.0",
  "lockfileVersion": 3,
  "requires": true,
  "packages": {
    "": {
      "name": "babylon-native-playground",
      "version": "0.1.0",
      "dependencies": {
        "babylonjs": "^8.53.0",
        "babylonjs-loaders": "^8.53.0",
        "babylonjs-materials": "^8.53.0"
      }
    },
    "node_modules/babylonjs": {
      "version": "8.54.1",
      "resolved": "https://registry.npmjs.org/babylonjs/-/babylonjs-8.54.1.tgz",
      "integrity": "sha512-3PtaScaXY62RE92KULxcXhRteaY4PsOVx0gOgELd/zGPaZExp5tHQwdV3lmvxMlYRXNUKlHsvsvTgr3J4e9wOA==",
      "hasInstallScript": true,
      "license": "Apache-2.0"
    },
    "node_modules/babylonjs-gltf2interface": {
      "version": "8.54.1",
      "resolved": "https://registry.npmjs.org/babylonjs-gltf2interface/-/babylonjs-gltf2interface-8.54.1.tgz",
      "integrity": "sha512-XYadAgWEXr3Q/+rlk16dUgQHk19Kbuk19dHYrh3fdOHpz9Mlvyj6hgj7NkiH0w+zLyrJIBy3QCfUppeToFUybg==",
      "license": "Apache-2.0"
    },
    "node_modules/babylonjs-loaders": {
      "version": "8.54.1",
      "resolved": "https://registry.npmjs.org/babylonjs-loaders/-/babylonjs-loaders-8.54.1.tgz",
      "integrity": "sha512-pQ952yeKDUeeRIZKn7FVu2PUhf06hbVQHjbHmleFvODX0Vbk/oFPfIUUaJZrW1Xidzi0U9c/+gwL32QpTD5Sjw==",
      "license": "Apache-2.0",
      "dependencies": {
        "babylonjs": "8.54.1",
        "babylonjs-gltf2interface": "8.54.1"
      }
    },
    "node_modules/babylonjs-materials": {
      "version": "8.54.1",
      "resolved": "https://registry.npmjs.org/babylonjs-materials/-/babylonjs-materials-8.54.1.tgz",
      "integrity": "sha512-uWvt3vW4edaBE4UgRYRvrysOo04apICZssu8x6NSJScAl9JIY8Jbipmyr/d6qfbbMs7mJXPBIRTrbFZ5w6cYEA==",
      "license": "Apache-2.0",
      "dependencies": {
        "babylonjs": "8.54.1"
      }
    }
  }
}
